
Microsoft Visual Studio Solution File, Format Version 12.00
# Visual Studio Version 17
VisualStudioVersion = 17.0.31903.59
MinimumVisualStudioVersion = 10.0.40219.1
Project("{2150E333-8FDC-42A3-9474-1A3956D46DE8}") = "src", "src", "{BD3907AD-9BEC-4B74-BDB7-7B2A18F394DD}"
	ProjectSection(SolutionItems) = preProject
		src\Common\src\NopDisposable.cs = src\Common\src\NopDisposable.cs
	EndProjectSection
EndProject
Project("{2150E333-8FDC-42A3-9474-1A3956D46DE8}") = "Compilation", "Compilation", "{B00DE1DD-2E2D-4DEA-9DD7-B4F6DDE78545}"
EndProject
Project("{2150E333-8FDC-42A3-9474-1A3956D46DE8}") = "Compilation.Abstractions", "Compilation.Abstractions", "{168ECB56-2F56-4931-BA54-49424028D0C5}"
EndProject
Project("{FAE04EC0-301F-11D3-BF4B-00C04F79EFBC}") = "OpaDotNet.Compilation.Abstractions", "src\Compilation.Abstractions\src\OpaDotNet.Compilation.Abstractions.csproj", "{8DF58865-9646-4240-942F-76546544788B}"
EndProject
Project("{2150E333-8FDC-42A3-9474-1A3956D46DE8}") = "Cli", "Cli", "{70AAD059-5478-428D-B777-3A9A1DB39E68}"
EndProject
Project("{FAE04EC0-301F-11D3-BF4B-00C04F79EFBC}") = "OpaDotNet.Compilation.Cli", "src\Compilation\Cli\src\OpaDotNet.Compilation.Cli.csproj", "{720A89EE-9BF9-430B-A9B9-C0F6D4A3FA97}"
EndProject
Project("{2150E333-8FDC-42A3-9474-1A3956D46DE8}") = "Interop", "Interop", "{24143488-7F06-4CFB-90B1-28ABAA8DD8FF}"
EndProject
Project("{FAE04EC0-301F-11D3-BF4B-00C04F79EFBC}") = "OpaDotNet.Compilation.Interop", "src\Compilation\Interop\src\OpaDotNet.Compilation.Interop.csproj", "{7692786D-96E0-4759-8474-8EF9CB036DDE}"
EndProject
Project("{FAE04EC0-301F-11D3-BF4B-00C04F79EFBC}") = "OpaDotNet.Compilation.Tests", "src\Compilation\tests\OpaDotNet.Compilation.Tests.csproj", "{AA91F6BF-8E9C-4039-8005-BC0E462847FF}"
EndProject
Project("{2150E333-8FDC-42A3-9474-1A3956D46DE8}") = "Extensions.AspNetCore", "Extensions.AspNetCore", "{0660B467-18B8-467C-AB2F-14FE553A6984}"
EndProject
Project("{2150E333-8FDC-42A3-9474-1A3956D46DE8}") = "samples", "samples", "{A675C1A9-9B73-4874-8632-9D32143CD101}"
EndProject
Project("{FAE04EC0-301F-11D3-BF4B-00C04F79EFBC}") = "CustomBuiltins", "src\Extensions.AspNetCore\samples\CustomBuiltins\CustomBuiltins.csproj", "{9B90471F-432A-4B24-9134-C3EA9ADE51DC}"
EndProject
Project("{FAE04EC0-301F-11D3-BF4B-00C04F79EFBC}") = "WebApp", "src\Extensions.AspNetCore\samples\WebApp\WebApp.csproj", "{B0ED9F15-2315-4FFB-AE2C-5468C8651B13}"
EndProject
Project("{FAE04EC0-301F-11D3-BF4B-00C04F79EFBC}") = "YarpApp", "src\Extensions.AspNetCore\samples\YarpApp\YarpApp.csproj", "{359523E2-8AF2-4BB3-88F1-E9D105CEBAC9}"
EndProject
Project("{FAE04EC0-301F-11D3-BF4B-00C04F79EFBC}") = "OpaDotNet.Extensions.AspNetCore", "src\Extensions.AspNetCore\src\OpaDotNet.Extensions.AspNetCore.csproj", "{95879821-2151-4394-83A8-D805D5C4DF14}"
EndProject
Project("{FAE04EC0-301F-11D3-BF4B-00C04F79EFBC}") = "OpaDotNet.Extensions.AspNetCore.Tests", "src\Extensions.AspNetCore\tests\OpaDotNet.Extensions.AspNetCore.Tests.csproj", "{7DEFC407-535F-4704-8D16-93446BF9C325}"
EndProject
Project("{2150E333-8FDC-42A3-9474-1A3956D46DE8}") = "Wasm", "Wasm", "{1E031EC0-A898-4CD2-8DAE-9B51A1021011}"
EndProject
Project("{FAE04EC0-301F-11D3-BF4B-00C04F79EFBC}") = "OpaDotNet.Wasm.Tests", "src\Wasm\tests\OpaDotNet.Wasm.Tests.csproj", "{7FB5C011-21B1-4DFD-A8CB-F593B6D6552D}"
EndProject
Project("{FAE04EC0-301F-11D3-BF4B-00C04F79EFBC}") = "OpaDotNet.Wasm", "src\Wasm\src\OpaDotNet.Wasm.csproj", "{5C87FD13-1912-4EBB-8764-43954EAFA90D}"
EndProject
Project("{2150E333-8FDC-42A3-9474-1A3956D46DE8}") = "Testing", "Testing", "{88C0C3C6-BA6D-4FA5-BD11-0A087B510546}"
EndProject
Project("{FAE04EC0-301F-11D3-BF4B-00C04F79EFBC}") = "OpaDotNet.InternalTesting", "src\Testing\src\OpaDotNet.InternalTesting.csproj", "{E72B976C-725B-4E07-AAB0-F1D7EC33FE8B}"
EndProject
Project("{FAE04EC0-301F-11D3-BF4B-00C04F79EFBC}") = "OpaDotNet.Benchmarks", "src\Wasm\bench\OpaDotNet.Benchmarks.csproj", "{A90F9C5A-1776-4D36-A2C2-E92683D9DDFE}"
EndProject
Project("{2150E333-8FDC-42A3-9474-1A3956D46DE8}") = "bench", "bench", "{6550289C-1F8C-416D-9F9B-97DA80CEFF36}"
EndProject
Project("{FAE04EC0-301F-11D3-BF4B-00C04F79EFBC}") = "ReferencesValidationPolicy", "src\Wasm\samples\ReferencesValidationPolicy\ReferencesValidationPolicy.csproj", "{C7FD53CE-906B-45D7-B49B-9A000B5A5944}"
EndProject
Project("{2150E333-8FDC-42A3-9474-1A3956D46DE8}") = "samples", "samples", "{82E644B0-379C-4E75-A736-DE5ACFE580C7}"
EndProject
Project("{2150E333-8FDC-42A3-9474-1A3956D46DE8}") = "docs", "docs", "{B1EE2A89-14B0-4259-9888-61C502F27020}"
EndProject
Project("{FAE04EC0-301F-11D3-BF4B-00C04F79EFBC}") = "Snippets", "docs\snippets\Snippets.csproj", "{2A3F55C7-B427-4946-A5C2-47FFA0BFA0B1}"
EndProject
Project("{2150E333-8FDC-42A3-9474-1A3956D46DE8}") = "build", "build", "{81FA4F2E-E45E-4D2C-A466-79B17AD7AE25}"
	ProjectSection(SolutionItems) = preProject
		build\api-ship.ps1 = build\api-ship.ps1
		build\tests.ps1 = build\tests.ps1
		build\qodana.ps1 = build\qodana.ps1
		build\versions.ps1 = build\versions.ps1
	EndProjectSection
EndProject
Project("{2150E333-8FDC-42A3-9474-1A3956D46DE8}") = "gen", "gen", "{B6B19557-F58F-44A0-B729-64765457F21A}"
EndProject
Project("{FAE04EC0-301F-11D3-BF4B-00C04F79EFBC}") = "OpaDotNet.Wasm.Generators", "src\Wasm\gen\OpaDotNet.Wasm.Generators.csproj", "{B05C42F0-3DB5-4C9F-B7DB-5209F1175945}"
EndProject
Global
	GlobalSection(SolutionConfigurationPlatforms) = preSolution
		Debug|Any CPU = Debug|Any CPU
		Release|Any CPU = Release|Any CPU
	EndGlobalSection
	GlobalSection(SolutionProperties) = preSolution
		HideSolutionNode = FALSE
	EndGlobalSection
	GlobalSection(ProjectConfigurationPlatforms) = postSolution
		{8DF58865-9646-4240-942F-76546544788B}.Debug|Any CPU.ActiveCfg = Debug|Any CPU
		{8DF58865-9646-4240-942F-76546544788B}.Debug|Any CPU.Build.0 = Debug|Any CPU
		{8DF58865-9646-4240-942F-76546544788B}.Release|Any CPU.ActiveCfg = Release|Any CPU
		{8DF58865-9646-4240-942F-76546544788B}.Release|Any CPU.Build.0 = Release|Any CPU
		{720A89EE-9BF9-430B-A9B9-C0F6D4A3FA97}.Debug|Any CPU.ActiveCfg = Debug|Any CPU
		{720A89EE-9BF9-430B-A9B9-C0F6D4A3FA97}.Debug|Any CPU.Build.0 = Debug|Any CPU
		{720A89EE-9BF9-430B-A9B9-C0F6D4A3FA97}.Release|Any CPU.ActiveCfg = Release|Any CPU
		{720A89EE-9BF9-430B-A9B9-C0F6D4A3FA97}.Release|Any CPU.Build.0 = Release|Any CPU
		{7692786D-96E0-4759-8474-8EF9CB036DDE}.Debug|Any CPU.ActiveCfg = Debug|Any CPU
		{7692786D-96E0-4759-8474-8EF9CB036DDE}.Debug|Any CPU.Build.0 = Debug|Any CPU
		{7692786D-96E0-4759-8474-8EF9CB036DDE}.Release|Any CPU.ActiveCfg = Release|Any CPU
		{7692786D-96E0-4759-8474-8EF9CB036DDE}.Release|Any CPU.Build.0 = Release|Any CPU
		{AA91F6BF-8E9C-4039-8005-BC0E462847FF}.Debug|Any CPU.ActiveCfg = Debug|Any CPU
		{AA91F6BF-8E9C-4039-8005-BC0E462847FF}.Debug|Any CPU.Build.0 = Debug|Any CPU
		{AA91F6BF-8E9C-4039-8005-BC0E462847FF}.Release|Any CPU.ActiveCfg = Release|Any CPU
		{AA91F6BF-8E9C-4039-8005-BC0E462847FF}.Release|Any CPU.Build.0 = Release|Any CPU
		{9B90471F-432A-4B24-9134-C3EA9ADE51DC}.Debug|Any CPU.ActiveCfg = Debug|Any CPU
		{9B90471F-432A-4B24-9134-C3EA9ADE51DC}.Debug|Any CPU.Build.0 = Debug|Any CPU
		{9B90471F-432A-4B24-9134-C3EA9ADE51DC}.Release|Any CPU.ActiveCfg = Release|Any CPU
		{9B90471F-432A-4B24-9134-C3EA9ADE51DC}.Release|Any CPU.Build.0 = Release|Any CPU
		{B0ED9F15-2315-4FFB-AE2C-5468C8651B13}.Debug|Any CPU.ActiveCfg = Debug|Any CPU
		{B0ED9F15-2315-4FFB-AE2C-5468C8651B13}.Debug|Any CPU.Build.0 = Debug|Any CPU
		{B0ED9F15-2315-4FFB-AE2C-5468C8651B13}.Release|Any CPU.ActiveCfg = Release|Any CPU
		{B0ED9F15-2315-4FFB-AE2C-5468C8651B13}.Release|Any CPU.Build.0 = Release|Any CPU
		{359523E2-8AF2-4BB3-88F1-E9D105CEBAC9}.Debug|Any CPU.ActiveCfg = Debug|Any CPU
		{359523E2-8AF2-4BB3-88F1-E9D105CEBAC9}.Debug|Any CPU.Build.0 = Debug|Any CPU
		{359523E2-8AF2-4BB3-88F1-E9D105CEBAC9}.Release|Any CPU.ActiveCfg = Release|Any CPU
		{359523E2-8AF2-4BB3-88F1-E9D105CEBAC9}.Release|Any CPU.Build.0 = Release|Any CPU
		{95879821-2151-4394-83A8-D805D5C4DF14}.Debug|Any CPU.ActiveCfg = Debug|Any CPU
		{95879821-2151-4394-83A8-D805D5C4DF14}.Debug|Any CPU.Build.0 = Debug|Any CPU
		{95879821-2151-4394-83A8-D805D5C4DF14}.Release|Any CPU.ActiveCfg = Release|Any CPU
		{95879821-2151-4394-83A8-D805D5C4DF14}.Release|Any CPU.Build.0 = Release|Any CPU
		{7DEFC407-535F-4704-8D16-93446BF9C325}.Debug|Any CPU.ActiveCfg = Debug|Any CPU
		{7DEFC407-535F-4704-8D16-93446BF9C325}.Debug|Any CPU.Build.0 = Debug|Any CPU
		{7DEFC407-535F-4704-8D16-93446BF9C325}.Release|Any CPU.ActiveCfg = Release|Any CPU
		{7DEFC407-535F-4704-8D16-93446BF9C325}.Release|Any CPU.Build.0 = Release|Any CPU
		{7FB5C011-21B1-4DFD-A8CB-F593B6D6552D}.Debug|Any CPU.ActiveCfg = Debug|Any CPU
		{7FB5C011-21B1-4DFD-A8CB-F593B6D6552D}.Debug|Any CPU.Build.0 = Debug|Any CPU
		{7FB5C011-21B1-4DFD-A8CB-F593B6D6552D}.Release|Any CPU.ActiveCfg = Release|Any CPU
		{7FB5C011-21B1-4DFD-A8CB-F593B6D6552D}.Release|Any CPU.Build.0 = Release|Any CPU
		{5C87FD13-1912-4EBB-8764-43954EAFA90D}.Debug|Any CPU.ActiveCfg = Debug|Any CPU
		{5C87FD13-1912-4EBB-8764-43954EAFA90D}.Debug|Any CPU.Build.0 = Debug|Any CPU
		{5C87FD13-1912-4EBB-8764-43954EAFA90D}.Release|Any CPU.ActiveCfg = Release|Any CPU
		{5C87FD13-1912-4EBB-8764-43954EAFA90D}.Release|Any CPU.Build.0 = Release|Any CPU
		{E72B976C-725B-4E07-AAB0-F1D7EC33FE8B}.Debug|Any CPU.ActiveCfg = Debug|Any CPU
		{E72B976C-725B-4E07-AAB0-F1D7EC33FE8B}.Debug|Any CPU.Build.0 = Debug|Any CPU
		{E72B976C-725B-4E07-AAB0-F1D7EC33FE8B}.Release|Any CPU.ActiveCfg = Release|Any CPU
		{E72B976C-725B-4E07-AAB0-F1D7EC33FE8B}.Release|Any CPU.Build.0 = Release|Any CPU
		{A90F9C5A-1776-4D36-A2C2-E92683D9DDFE}.Debug|Any CPU.ActiveCfg = Debug|Any CPU
		{A90F9C5A-1776-4D36-A2C2-E92683D9DDFE}.Debug|Any CPU.Build.0 = Debug|Any CPU
		{A90F9C5A-1776-4D36-A2C2-E92683D9DDFE}.Release|Any CPU.ActiveCfg = Release|Any CPU
		{A90F9C5A-1776-4D36-A2C2-E92683D9DDFE}.Release|Any CPU.Build.0 = Release|Any CPU
		{C7FD53CE-906B-45D7-B49B-9A000B5A5944}.Debug|Any CPU.ActiveCfg = Debug|Any CPU
		{C7FD53CE-906B-45D7-B49B-9A000B5A5944}.Debug|Any CPU.Build.0 = Debug|Any CPU
		{C7FD53CE-906B-45D7-B49B-9A000B5A5944}.Release|Any CPU.ActiveCfg = Release|Any CPU
		{C7FD53CE-906B-45D7-B49B-9A000B5A5944}.Release|Any CPU.Build.0 = Release|Any CPU
		{2A3F55C7-B427-4946-A5C2-47FFA0BFA0B1}.Debug|Any CPU.ActiveCfg = Debug|Any CPU
		{2A3F55C7-B427-4946-A5C2-47FFA0BFA0B1}.Debug|Any CPU.Build.0 = Debug|Any CPU
		{2A3F55C7-B427-4946-A5C2-47FFA0BFA0B1}.Release|Any CPU.ActiveCfg = Release|Any CPU
		{2A3F55C7-B427-4946-A5C2-47FFA0BFA0B1}.Release|Any CPU.Build.0 = Release|Any CPU
		{B05C42F0-3DB5-4C9F-B7DB-5209F1175945}.Debug|Any CPU.ActiveCfg = Debug|Any CPU
		{B05C42F0-3DB5-4C9F-B7DB-5209F1175945}.Debug|Any CPU.Build.0 = Debug|Any CPU
		{B05C42F0-3DB5-4C9F-B7DB-5209F1175945}.Release|Any CPU.ActiveCfg = Release|Any CPU
		{B05C42F0-3DB5-4C9F-B7DB-5209F1175945}.Release|Any CPU.Build.0 = Release|Any CPU
	EndGlobalSection
	GlobalSection(NestedProjects) = preSolution
		{B00DE1DD-2E2D-4DEA-9DD7-B4F6DDE78545} = {BD3907AD-9BEC-4B74-BDB7-7B2A18F394DD}
		{8DF58865-9646-4240-942F-76546544788B} = {168ECB56-2F56-4931-BA54-49424028D0C5}
		{70AAD059-5478-428D-B777-3A9A1DB39E68} = {B00DE1DD-2E2D-4DEA-9DD7-B4F6DDE78545}
		{720A89EE-9BF9-430B-A9B9-C0F6D4A3FA97} = {70AAD059-5478-428D-B777-3A9A1DB39E68}
		{24143488-7F06-4CFB-90B1-28ABAA8DD8FF} = {B00DE1DD-2E2D-4DEA-9DD7-B4F6DDE78545}
		{7692786D-96E0-4759-8474-8EF9CB036DDE} = {24143488-7F06-4CFB-90B1-28ABAA8DD8FF}
		{AA91F6BF-8E9C-4039-8005-BC0E462847FF} = {B00DE1DD-2E2D-4DEA-9DD7-B4F6DDE78545}
		{0660B467-18B8-467C-AB2F-14FE553A6984} = {BD3907AD-9BEC-4B74-BDB7-7B2A18F394DD}
		{A675C1A9-9B73-4874-8632-9D32143CD101} = {0660B467-18B8-467C-AB2F-14FE553A6984}
		{9B90471F-432A-4B24-9134-C3EA9ADE51DC} = {A675C1A9-9B73-4874-8632-9D32143CD101}
		{B0ED9F15-2315-4FFB-AE2C-5468C8651B13} = {A675C1A9-9B73-4874-8632-9D32143CD101}
		{359523E2-8AF2-4BB3-88F1-E9D105CEBAC9} = {A675C1A9-9B73-4874-8632-9D32143CD101}
		{95879821-2151-4394-83A8-D805D5C4DF14} = {0660B467-18B8-467C-AB2F-14FE553A6984}
		{7DEFC407-535F-4704-8D16-93446BF9C325} = {0660B467-18B8-467C-AB2F-14FE553A6984}
		{1E031EC0-A898-4CD2-8DAE-9B51A1021011} = {BD3907AD-9BEC-4B74-BDB7-7B2A18F394DD}
		{7FB5C011-21B1-4DFD-A8CB-F593B6D6552D} = {1E031EC0-A898-4CD2-8DAE-9B51A1021011}
		{5C87FD13-1912-4EBB-8764-43954EAFA90D} = {1E031EC0-A898-4CD2-8DAE-9B51A1021011}
		{168ECB56-2F56-4931-BA54-49424028D0C5} = {BD3907AD-9BEC-4B74-BDB7-7B2A18F394DD}
		{88C0C3C6-BA6D-4FA5-BD11-0A087B510546} = {BD3907AD-9BEC-4B74-BDB7-7B2A18F394DD}
		{E72B976C-725B-4E07-AAB0-F1D7EC33FE8B} = {88C0C3C6-BA6D-4FA5-BD11-0A087B510546}
		{6550289C-1F8C-416D-9F9B-97DA80CEFF36} = {1E031EC0-A898-4CD2-8DAE-9B51A1021011}
		{A90F9C5A-1776-4D36-A2C2-E92683D9DDFE} = {6550289C-1F8C-416D-9F9B-97DA80CEFF36}
		{82E644B0-379C-4E75-A736-DE5ACFE580C7} = {1E031EC0-A898-4CD2-8DAE-9B51A1021011}
		{C7FD53CE-906B-45D7-B49B-9A000B5A5944} = {82E644B0-379C-4E75-A736-DE5ACFE580C7}
		{2A3F55C7-B427-4946-A5C2-47FFA0BFA0B1} = {B1EE2A89-14B0-4259-9888-61C502F27020}
		{B6B19557-F58F-44A0-B729-64765457F21A} = {1E031EC0-A898-4CD2-8DAE-9B51A1021011}
		{B05C42F0-3DB5-4C9F-B7DB-5209F1175945} = {B6B19557-F58F-44A0-B729-64765457F21A}
	EndGlobalSection
EndGlobal
