
Microsoft Visual Studio Solution File, Format Version 12.00
# Visual Studio Version 17
VisualStudioVersion = 17.5.002.0
MinimumVisualStudioVersion = 10.0.40219.1
Project("{9A19103F-16F7-4668-BE54-9A1E7A4F7556}") = "OpaDotNet.Benchmarks", "OpaDotNet.Benchmarks.csproj", "{4A5C9F6C-9F42-4879-83CA-1643C309F70B}"
EndProject
Project("{2150E333-8FDC-42A3-9474-1A3956D46DE8}") = "bin", "bin", "{E68E4060-EE54-4244-8C66-815934BC471C}"
EndProject
Project("{2150E333-8FDC-42A3-9474-1A3956D46DE8}") = "Release", "Release", "{6638DE7C-5257-4932-953D-19A05379FE11}"
EndProject
Project("{2150E333-8FDC-42A3-9474-1A3956D46DE8}") = "net7.0", "net7.0", "{D6727355-CC18-460A-B628-BE807D689D21}"
EndProject
Project("{9A19103F-16F7-4668-BE54-9A1E7A4F7556}") = "BenchmarkDotNet.Autogenerated", "bin\Release\net7.0\61f21d68-8eb6-46a4-9a93-26007dcf4d5f\BenchmarkDotNet.Autogenerated.csproj", "{1F3A36D6-B1CE-4960-AB77-777A5ACF210B}"
EndProject
Project("{9A19103F-16F7-4668-BE54-9A1E7A4F7556}") = "BenchmarkDotNet.Autogenerated (1)", "bin\Release\net7.0\b682fc74-c2c8-48c8-b9a2-127041104df8\BenchmarkDotNet.Autogenerated.csproj", "{234A341E-0574-450D-81D7-701B1623840A}"
EndProject
Project("{9A19103F-16F7-4668-BE54-9A1E7A4F7556}") = "BenchmarkDotNet.Autogenerated (2)", "bin\Release\net7.0\dfe88a26-0ec7-456c-9032-2a1f2148b0cd\BenchmarkDotNet.Autogenerated.csproj", "{B1D5742A-85C5-4F97-B091-B970FF67EF2E}"
EndProject
Project("{9A19103F-16F7-4668-BE54-9A1E7A4F7556}") = "BenchmarkDotNet.Autogenerated (3)", "bin\Release\net7.0\ef2e853a-2f51-461d-a148-07b0bf770ef5\BenchmarkDotNet.Autogenerated.csproj", "{7097E445-F79C-475F-A3B6-244ADB2461A0}"
EndProject
Project("{2150E333-8FDC-42A3-9474-1A3956D46DE8}") = "net8.0", "net8.0", "{37C31C58-7B65-49C2-A74C-A0FB5769CD47}"
EndProject
Project("{9A19103F-16F7-4668-BE54-9A1E7A4F7556}") = "BenchmarkDotNet.Autogenerated", "bin\Release\net8.0\a097d6b7-f277-4121-b6d4-2d75e23dcd50\BenchmarkDotNet.Autogenerated.csproj", "{45496120-007E-4128-954D-8D1EBF4C6C03}"
EndProject
Global
	GlobalSection(SolutionConfigurationPlatforms) = preSolution
		Debug|Any CPU = Debug|Any CPU
		Release|Any CPU = Release|Any CPU
	EndGlobalSection
	GlobalSection(ProjectConfigurationPlatforms) = postSolution
		{4A5C9F6C-9F42-4879-83CA-1643C309F70B}.Debug|Any CPU.ActiveCfg = Debug|Any CPU
		{4A5C9F6C-9F42-4879-83CA-1643C309F70B}.Debug|Any CPU.Build.0 = Debug|Any CPU
		{4A5C9F6C-9F42-4879-83CA-1643C309F70B}.Release|Any CPU.ActiveCfg = Release|Any CPU
		{4A5C9F6C-9F42-4879-83CA-1643C309F70B}.Release|Any CPU.Build.0 = Release|Any CPU
		{1F3A36D6-B1CE-4960-AB77-777A5ACF210B}.Debug|Any CPU.ActiveCfg = Debug|Any CPU
		{1F3A36D6-B1CE-4960-AB77-777A5ACF210B}.Debug|Any CPU.Build.0 = Debug|Any CPU
		{1F3A36D6-B1CE-4960-AB77-777A5ACF210B}.Release|Any CPU.ActiveCfg = Release|Any CPU
		{1F3A36D6-B1CE-4960-AB77-777A5ACF210B}.Release|Any CPU.Build.0 = Release|Any CPU
		{234A341E-0574-450D-81D7-701B1623840A}.Debug|Any CPU.ActiveCfg = Debug|Any CPU
		{234A341E-0574-450D-81D7-701B1623840A}.Debug|Any CPU.Build.0 = Debug|Any CPU
		{234A341E-0574-450D-81D7-701B1623840A}.Release|Any CPU.ActiveCfg = Release|Any CPU
		{234A341E-0574-450D-81D7-701B1623840A}.Release|Any CPU.Build.0 = Release|Any CPU
		{B1D5742A-85C5-4F97-B091-B970FF67EF2E}.Debug|Any CPU.ActiveCfg = Debug|Any CPU
		{B1D5742A-85C5-4F97-B091-B970FF67EF2E}.Debug|Any CPU.Build.0 = Debug|Any CPU
		{B1D5742A-85C5-4F97-B091-B970FF67EF2E}.Release|Any CPU.ActiveCfg = Release|Any CPU
		{B1D5742A-85C5-4F97-B091-B970FF67EF2E}.Release|Any CPU.Build.0 = Release|Any CPU
		{7097E445-F79C-475F-A3B6-244ADB2461A0}.Debug|Any CPU.ActiveCfg = Debug|Any CPU
		{7097E445-F79C-475F-A3B6-244ADB2461A0}.Debug|Any CPU.Build.0 = Debug|Any CPU
		{7097E445-F79C-475F-A3B6-244ADB2461A0}.Release|Any CPU.ActiveCfg = Release|Any CPU
		{7097E445-F79C-475F-A3B6-244ADB2461A0}.Release|Any CPU.Build.0 = Release|Any CPU
		{45496120-007E-4128-954D-8D1EBF4C6C03}.Debug|Any CPU.ActiveCfg = Debug|Any CPU
		{45496120-007E-4128-954D-8D1EBF4C6C03}.Debug|Any CPU.Build.0 = Debug|Any CPU
		{45496120-007E-4128-954D-8D1EBF4C6C03}.Release|Any CPU.ActiveCfg = Release|Any CPU
		{45496120-007E-4128-954D-8D1EBF4C6C03}.Release|Any CPU.Build.0 = Release|Any CPU
	EndGlobalSection
	GlobalSection(SolutionProperties) = preSolution
		HideSolutionNode = FALSE
	EndGlobalSection
	GlobalSection(NestedProjects) = preSolution
		{6638DE7C-5257-4932-953D-19A05379FE11} = {E68E4060-EE54-4244-8C66-815934BC471C}
		{D6727355-CC18-460A-B628-BE807D689D21} = {6638DE7C-5257-4932-953D-19A05379FE11}
		{1F3A36D6-B1CE-4960-AB77-777A5ACF210B} = {D6727355-CC18-460A-B628-BE807D689D21}
		{234A341E-0574-450D-81D7-701B1623840A} = {D6727355-CC18-460A-B628-BE807D689D21}
		{B1D5742A-85C5-4F97-B091-B970FF67EF2E} = {D6727355-CC18-460A-B628-BE807D689D21}
		{7097E445-F79C-475F-A3B6-244ADB2461A0} = {D6727355-CC18-460A-B628-BE807D689D21}
		{37C31C58-7B65-49C2-A74C-A0FB5769CD47} = {6638DE7C-5257-4932-953D-19A05379FE11}
		{45496120-007E-4128-954D-8D1EBF4C6C03} = {37C31C58-7B65-49C2-A74C-A0FB5769CD47}
	EndGlobalSection
	GlobalSection(ExtensibilityGlobals) = postSolution
		SolutionGuid = {51BBAC9B-B615-468B-80BF-5F394C870285}
	EndGlobalSection
EndGlobal
